
Microsoft Visual Studio Solution File, Format Version 12.00
# Visual Studio Version 17
VisualStudioVersion = 17.5.002.0
MinimumVisualStudioVersion = 10.0.40219.1
Project("{9A19103F-16F7-4668-BE54-9A1E7A4F7556}") = "demoMVC", "demoMVC\demoMVC.csproj", "{705DE54D-25B8-4DC9-8FCD-61274994DC91}"
EndProject
Global
	GlobalSection(SolutionConfigurationPlatforms) = preSolution
		Debug|Any CPU = Debug|Any CPU
		Release|Any CPU = Release|Any CPU
	EndGlobalSection
	GlobalSection(ProjectConfigurationPlatforms) = postSolution
		{705DE54D-25B8-4DC9-8FCD-61274994DC91}.Debug|Any CPU.ActiveCfg = Debug|Any CPU
		{705DE54D-25B8-4DC9-8FCD-61274994DC91}.Debug|Any CPU.Build.0 = Debug|Any CPU
		{705DE54D-25B8-4DC9-8FCD-61274994DC91}.Release|Any CPU.ActiveCfg = Release|Any CPU
		{705DE54D-25B8-4DC9-8FCD-61274994DC91}.Release|Any CPU.Build.0 = Release|Any CPU
	EndGlobalSection
	GlobalSection(SolutionProperties) = preSolution
		HideSolutionNode = FALSE
	EndGlobalSection
	GlobalSection(ExtensibilityGlobals) = postSolution
		SolutionGuid = {5694ACD7-A4F7-4AFC-9553-C5710F83E74C}
	EndGlobalSection
EndGlobal
