
Microsoft Visual Studio Solution File, Format Version 12.00
# Visual Studio Version 17
VisualStudioVersion = 17.5.002.0
MinimumVisualStudioVersion = 10.0.40219.1
Project("{9A19103F-16F7-4668-BE54-9A1E7A4F7556}") = "demoMVC", "demoMVC\demoMVC.csproj", "{35BD697D-2202-4C5E-BFC3-BF8BEF24807C}"
EndProject
Project("{9A19103F-16F7-4668-BE54-9A1E7A4F7556}") = "NetMVC", "NetMVC\NetMVC.csproj", "{CD53A35C-444F-4A5A-9F62-7111ECCC8388}"
EndProject
Global
	GlobalSection(SolutionConfigurationPlatforms) = preSolution
		Debug|Any CPU = Debug|Any CPU
		Release|Any CPU = Release|Any CPU
	EndGlobalSection
	GlobalSection(ProjectConfigurationPlatforms) = postSolution
		{35BD697D-2202-4C5E-BFC3-BF8BEF24807C}.Debug|Any CPU.ActiveCfg = Debug|Any CPU
		{35BD697D-2202-4C5E-BFC3-BF8BEF24807C}.Debug|Any CPU.Build.0 = Debug|Any CPU
		{35BD697D-2202-4C5E-BFC3-BF8BEF24807C}.Release|Any CPU.ActiveCfg = Release|Any CPU
		{35BD697D-2202-4C5E-BFC3-BF8BEF24807C}.Release|Any CPU.Build.0 = Release|Any CPU
		{CD53A35C-444F-4A5A-9F62-7111ECCC8388}.Debug|Any CPU.ActiveCfg = Debug|Any CPU
		{CD53A35C-444F-4A5A-9F62-7111ECCC8388}.Debug|Any CPU.Build.0 = Debug|Any CPU
		{CD53A35C-444F-4A5A-9F62-7111ECCC8388}.Release|Any CPU.ActiveCfg = Release|Any CPU
		{CD53A35C-444F-4A5A-9F62-7111ECCC8388}.Release|Any CPU.Build.0 = Release|Any CPU
	EndGlobalSection
	GlobalSection(SolutionProperties) = preSolution
		HideSolutionNode = FALSE
	EndGlobalSection
	GlobalSection(ExtensibilityGlobals) = postSolution
		SolutionGuid = {1EB0F626-F396-4FFE-A8A6-43CEA8499C45}
	EndGlobalSection
EndGlobal
